
Microsoft Visual Studio Solution File, Format Version 12.00
# Visual Studio Version 17
VisualStudioVersion = 17.9.34616.47
MinimumVisualStudioVersion = 10.0.40219.1
Project("{FAE04EC0-301F-11D3-BF4B-00C04F79EFBC}") = "NETCoreAPIConectaBarrio", "NETCoreAPIConectaBarrio.csproj", "{C3E1CB3B-0900-4E82-8833-47E3DA34C1FB}"
EndProject
Global
	GlobalSection(SolutionConfigurationPlatforms) = preSolution
		Debug|Any CPU = Debug|Any CPU
		Release|Any CPU = Release|Any CPU
	EndGlobalSection
	GlobalSection(ProjectConfigurationPlatforms) = postSolution
		{C3E1CB3B-0900-4E82-8833-47E3DA34C1FB}.Debug|Any CPU.ActiveCfg = Debug|Any CPU
		{C3E1CB3B-0900-4E82-8833-47E3DA34C1FB}.Debug|Any CPU.Build.0 = Debug|Any CPU
		{C3E1CB3B-0900-4E82-8833-47E3DA34C1FB}.Release|Any CPU.ActiveCfg = Release|Any CPU
		{C3E1CB3B-0900-4E82-8833-47E3DA34C1FB}.Release|Any CPU.Build.0 = Release|Any CPU
	EndGlobalSection
	GlobalSection(SolutionProperties) = preSolution
		HideSolutionNode = FALSE
	EndGlobalSection
	GlobalSection(ExtensibilityGlobals) = postSolution
		SolutionGuid = {C3F0B51E-8B1A-4638-989F-04210ED1AA47}
	EndGlobalSection
EndGlobal
